#MicroXplorer Configuration settings - do not modify
Dma.Request0=TIM1_CH3/UP
Dma.Request1=TIM1_CH4/TRIG/COM
Dma.RequestsNb=2
Dma.TIM1_CH3/UP.0.Direction=DMA_PERIPH_TO_MEMORY
Dma.TIM1_CH3/UP.0.Instance=DMA1_Channel5
Dma.TIM1_CH3/UP.0.MemDataAlignment=DMA_MDATAALIGN_WORD
Dma.TIM1_CH3/UP.0.MemInc=DMA_MINC_ENABLE
Dma.TIM1_CH3/UP.0.Mode=DMA_CIRCULAR
Dma.TIM1_CH3/UP.0.PeriphDataAlignment=DMA_PDATAALIGN_WORD
Dma.TIM1_CH3/UP.0.PeriphInc=DMA_PINC_DISABLE
Dma.TIM1_CH3/UP.0.Priority=DMA_PRIORITY_MEDIUM
Dma.TIM1_CH3/UP.0.RequestParameters=Instance,Direction,PeriphInc,MemInc,PeriphDataAlignment,MemDataAlignment,Mode,Priority
Dma.TIM1_CH4/TRIG/COM.1.Direction=DMA_PERIPH_TO_MEMORY
Dma.TIM1_CH4/TRIG/COM.1.Instance=DMA1_Channel4
Dma.TIM1_CH4/TRIG/COM.1.MemDataAlignment=DMA_MDATAALIGN_WORD
Dma.TIM1_CH4/TRIG/COM.1.MemInc=DMA_MINC_ENABLE
Dma.TIM1_CH4/TRIG/COM.1.Mode=DMA_CIRCULAR
Dma.TIM1_CH4/TRIG/COM.1.PeriphDataAlignment=DMA_PDATAALIGN_WORD
Dma.TIM1_CH4/TRIG/COM.1.PeriphInc=DMA_PINC_DISABLE
Dma.TIM1_CH4/TRIG/COM.1.Priority=DMA_PRIORITY_MEDIUM
Dma.TIM1_CH4/TRIG/COM.1.RequestParameters=Instance,Direction,PeriphInc,MemInc,PeriphDataAlignment,MemDataAlignment,Mode,Priority
File.Version=6
KeepUserPlacement=false
Mcu.Family=STM32F0
Mcu.IP0=DMA
Mcu.IP1=NVIC
Mcu.IP2=RCC
Mcu.IP3=SYS
Mcu.IP4=TIM1
Mcu.IP5=TIM3
Mcu.IP6=USART1
Mcu.IPNb=7
Mcu.Name=STM32F030C6Tx
Mcu.Package=LQFP48
Mcu.Pin0=PA4
Mcu.Pin1=PA5
Mcu.Pin10=PA8
Mcu.Pin11=PA9
Mcu.Pin12=PA10
Mcu.Pin13=PA11
Mcu.Pin14=PA12
Mcu.Pin15=PA13
Mcu.Pin16=PA14
Mcu.Pin17=PA15
Mcu.Pin18=PB3
Mcu.Pin19=PB4
Mcu.Pin2=PA6
Mcu.Pin20=PB5
Mcu.Pin21=PB6
Mcu.Pin22=PB7
Mcu.Pin23=PB8
Mcu.Pin24=PB9
Mcu.Pin25=VP_SYS_VS_Systick
Mcu.Pin26=VP_TIM1_VS_ClockSourceINT
Mcu.Pin27=VP_TIM1_VS_no_output4
Mcu.Pin3=PA7
Mcu.Pin4=PB0
Mcu.Pin5=PB1
Mcu.Pin6=PB2
Mcu.Pin7=PB10
Mcu.Pin8=PB11
Mcu.Pin9=PB12
Mcu.PinsNb=28
Mcu.UserConstants=
Mcu.UserName=STM32F030C6Tx
MxCube.Version=4.14.0
MxDb.Version=DB.4.0.140
NVIC.DMA1_Channel4_5_IRQn=true\:1\:0\:true\:false\:true
NVIC.HardFault_IRQn=true\:0\:0\:false\:false\:true
NVIC.NonMaskableInt_IRQn=true\:0\:0\:false\:false\:true
NVIC.SysTick_IRQn=true\:2\:0\:true\:false\:false
NVIC.USART1_IRQn=true\:3\:0\:true\:false\:true
PA10.GPIOParameters=GPIO_PuPd
PA10.GPIO_PuPd=GPIO_PULLUP
PA10.Locked=true
PA10.Signal=GPIO_Input
PA11.GPIOParameters=GPIO_PuPd
PA11.GPIO_PuPd=GPIO_PULLUP
PA11.Locked=true
PA11.Signal=GPIO_Input
PA12.GPIOParameters=GPIO_PuPd
PA12.GPIO_PuPd=GPIO_PULLUP
PA12.Locked=true
PA12.Signal=GPIO_Input
PA13.Mode=Serial-WireDebug
PA13.Signal=SYS_SWDIO
PA14.Mode=Serial-WireDebug
PA14.Signal=SYS_SWCLK
PA15.GPIOParameters=GPIO_PuPd
PA15.GPIO_PuPd=GPIO_PULLUP
PA15.Locked=true
PA15.Signal=GPIO_Input
PA4.GPIOParameters=GPIO_PuPd
PA4.GPIO_PuPd=GPIO_PULLUP
PA4.Locked=true
PA4.Signal=GPIO_Input
PA5.GPIOParameters=GPIO_PuPd
PA5.GPIO_PuPd=GPIO_PULLUP
PA5.Locked=true
PA5.Signal=GPIO_Input
PA6.GPIOParameters=GPIO_PuPd
PA6.GPIO_PuPd=GPIO_PULLUP
PA6.Locked=true
PA6.Signal=GPIO_Input
PA7.GPIOParameters=GPIO_PuPd
PA7.GPIO_PuPd=GPIO_PULLUP
PA7.Locked=true
PA7.Signal=GPIO_Input
PA8.GPIOParameters=GPIO_PuPd
PA8.GPIO_PuPd=GPIO_PULLUP
PA8.Locked=true
PA8.Signal=GPIO_Input
PA9.GPIOParameters=GPIO_PuPd
PA9.GPIO_PuPd=GPIO_PULLUP
PA9.Locked=true
PA9.Signal=GPIO_Input
PB0.GPIOParameters=GPIO_Speed
PB0.GPIO_Speed=GPIO_SPEED_FREQ_LOW
PB0.Locked=true
PB0.Signal=GPIO_Output
PB1.GPIOParameters=GPIO_Speed
PB1.GPIO_Speed=GPIO_SPEED_FREQ_LOW
PB1.Locked=true
PB1.Signal=GPIO_Output
PB10.GPIOParameters=GPIO_Speed
PB10.GPIO_Speed=GPIO_SPEED_FREQ_LOW
PB10.Locked=true
PB10.Signal=GPIO_Output
PB11.GPIOParameters=GPIO_Speed
PB11.GPIO_Speed=GPIO_SPEED_FREQ_LOW
PB11.Locked=true
PB11.Signal=GPIO_Output
PB12.GPIOParameters=GPIO_Speed
PB12.GPIO_Speed=GPIO_SPEED_FREQ_LOW
PB12.Locked=true
PB12.Signal=GPIO_Output
PB2.GPIOParameters=GPIO_Speed
PB2.GPIO_Speed=GPIO_SPEED_FREQ_LOW
PB2.Locked=true
PB2.Signal=GPIO_Output
PB3.GPIOParameters=GPIO_Speed
PB3.GPIO_Speed=GPIO_SPEED_FREQ_LOW
PB3.Locked=true
PB3.Signal=GPIO_Output
PB4.GPIOParameters=GPIO_PuPd
PB4.GPIO_PuPd=GPIO_PULLDOWN
PB4.Signal=S_TIM3_CH1
PB5.GPIOParameters=GPIO_PuPd
PB5.GPIO_PuPd=GPIO_PULLDOWN
PB5.Signal=S_TIM3_CH2
PB6.GPIOParameters=GPIO_Speed
PB6.GPIO_Speed=GPIO_SPEED_FREQ_LOW
PB6.Locked=true
PB6.Mode=Half_duplex(single_wire_mode)
PB6.Signal=USART1_TX
PB7.GPIOParameters=GPIO_Speed
PB7.GPIO_Speed=GPIO_SPEED_FREQ_LOW
PB7.Locked=true
PB7.Signal=GPIO_Output
PB8.GPIOParameters=GPIO_Speed
PB8.GPIO_Speed=GPIO_SPEED_FREQ_LOW
PB8.Locked=true
PB8.Signal=GPIO_Output
PB9.GPIOParameters=GPIO_Speed
PB9.GPIO_Speed=GPIO_SPEED_FREQ_LOW
PB9.Locked=true
PB9.Signal=GPIO_Output
PCC.Checker=false
PCC.Line=STM32F0x0 Value Line
PCC.MCU=STM32F030C6Tx
PCC.MXVersion=4.14.0
PCC.PartNumber=STM32F030C6Tx
PCC.Seq0=0
PCC.Series=STM32F0
PCC.Temperature=25
PCC.Vdd=3.6
ProjectManager.AskForMigrate=true
ProjectManager.BackupPrevious=false
ProjectManager.CompilerOptimize=2
ProjectManager.ComputerToolchain=false
ProjectManager.CoupleFile=true
ProjectManager.DeletePrevious=true
ProjectManager.DeviceId=STM32F030C6Tx
ProjectManager.FirmwarePackage=STM32Cube FW_F0 V1.5.0
ProjectManager.FreePins=true
ProjectManager.HalAssertFull=false
ProjectManager.HeapSize=0x200
ProjectManager.KeepUserCode=true
ProjectManager.LastFirmware=true
ProjectManager.LibraryCopy=0
ProjectManager.PreviousToolchain=
ProjectManager.ProjectBuild=false
ProjectManager.ProjectFileName=firmware.ioc
ProjectManager.ProjectName=firmware
ProjectManager.StackSize=0x400
ProjectManager.TargetToolchain=MDK-ARM V5
ProjectManager.ToolChainLocation=
ProjectManager.UnderRoot=false
ProjectManager.functionlistsort=1-MX_GPIO_Init-GPIO-false,2-MX_DMA_Init-DMA-false,3-MX_TIM1_Init-TIM1-false,4-MX_TIM3_Init-TIM3-false,5-MX_USART1_UART_Init-USART1-false
RCC.AHBFreq_Value=48000000
RCC.APB1CLKDivider=RCC_HCLK_DIV2
RCC.APB1Freq_Value=24000000
RCC.APB1TimFreq_Value=48000000
RCC.FCLKCortexFreq_Value=48000000
RCC.FamilyName=M
RCC.HCLKFreq_Value=48000000
RCC.IPParameters=FamilyName,PLLCLKFreq_Value,PLLMCOFreq_Value,TimSysFreq_Value,PLLMUL,SYSCLKSource,HCLKFreq_Value,AHBFreq_Value,FCLKCortexFreq_Value,APB1TimFreq_Value,APB1Freq_Value,USART1Freq_Value,MCOFreq_Value,SYSCLKFreq_VALUE,APB1CLKDivider
RCC.MCOFreq_Value=48000000
RCC.PLLCLKFreq_Value=48000000
RCC.PLLMCOFreq_Value=48000000
RCC.PLLMUL=RCC_PLL_MUL12
RCC.SYSCLKFreq_VALUE=48000000
RCC.SYSCLKSource=RCC_SYSCLKSOURCE_PLLCLK
RCC.TimSysFreq_Value=48000000
RCC.USART1Freq_Value=24000000
SH.S_TIM3_CH1.0=TIM3_CH1,Encoder_Interface
SH.S_TIM3_CH1.ConfNb=1
SH.S_TIM3_CH2.0=TIM3_CH2,Encoder_Interface
SH.S_TIM3_CH2.ConfNb=1
TIM1.Channel-Output\ Compare4\ No\ Output=TIM_CHANNEL_4
TIM1.IPParameters=Channel-Output Compare4 No Output
TIM3.EncoderMode=TIM_ENCODERMODE_TI12
TIM3.IC1Filter=15
TIM3.IC2Filter=15
TIM3.IPParameters=Period,EncoderMode,IC1Filter,IC2Filter
TIM3.Period=65535
USART1.BaudRate=115200
USART1.IPParameters=Mode,OneBitSampling,BaudRate
USART1.Mode=UART_MODE_TX
USART1.OneBitSampling=UART_ONE_BIT_SAMPLE_DISABLE
VP_SYS_VS_Systick.Mode=SysTick
VP_SYS_VS_Systick.Signal=SYS_VS_Systick
VP_TIM1_VS_ClockSourceINT.Mode=Internal
VP_TIM1_VS_ClockSourceINT.Signal=TIM1_VS_ClockSourceINT
VP_TIM1_VS_no_output4.Mode=Output Compare4 No Output
VP_TIM1_VS_no_output4.Signal=TIM1_VS_no_output4
board=firmware
